
Microsoft Visual Studio Solution File, Format Version 12.00
# Visual Studio Version 17
VisualStudioVersion = 17.14.36717.8
MinimumVisualStudioVersion = 10.0.40219.1
Project("{FAE04EC0-301F-11D3-BF4B-00C04F79EFBC}") = "PortfolioTracker.API", "src\PortfolioTracker.API\PortfolioTracker.API.csproj", "{C278B768-C911-45E1-A27C-D08D8A9CF58D}"
EndProject
Project("{2150E333-8FDC-42A3-9474-1A3956D46DE8}") = "Solution Items", "Solution Items", "{8EC462FD-D22E-90A8-E5CE-7E832BA40C5D}"
	ProjectSection(SolutionItems) = preProject
		.dockerignore = .dockerignore
		.gitignore = .gitignore
		Dockerfile = Dockerfile
	EndProjectSection
EndProject
Project("{FAE04EC0-301F-11D3-BF4B-00C04F79EFBC}") = "PortfolioTracker.Core", "src\PortfolioTracker.Core\PortfolioTracker.Core.csproj", "{1E873B3F-7EE3-F54A-1F75-7B8AC4E4D6B4}"
EndProject
Project("{FAE04EC0-301F-11D3-BF4B-00C04F79EFBC}") = "PortfolioTracker.Infrastructure", "src\PortfolioTracker.Infrastructure\PortfolioTracker.Infrastructure.csproj", "{AAFE50BD-C008-6CFF-A37D-14BCB24C093A}"
EndProject
Project("{FAE04EC0-301F-11D3-BF4B-00C04F79EFBC}") = "PortfolioTracker.UnitTests", "tests\PortfolioTracker.UnitTests\PortfolioTracker.UnitTests.csproj", "{A45AB4DE-FE22-58C5-7F5C-D4C5B5B5EF5E}"
EndProject
Project("{FAE04EC0-301F-11D3-BF4B-00C04F79EFBC}") = "PortfolioTracker.IntegrationTests", "tests\PortfolioTracker.IntegrationTests\PortfolioTracker.IntegrationTests.csproj", "{37024E7F-C708-F336-8200-C70F7ACBAFDE}"
EndProject
Project("{FAE04EC0-301F-11D3-BF4B-00C04F79EFBC}") = "PortfolioTracker.Web", "src\PortfolioTracker.Web\PortfolioTracker.Web.csproj", "{26444524-7C0B-4F37-8EDE-C7C0A77B1C05}"
EndProject
Global
	GlobalSection(SolutionConfigurationPlatforms) = preSolution
		Debug|Any CPU = Debug|Any CPU
		Debug|x64 = Debug|x64
		Debug|x86 = Debug|x86
		Release|Any CPU = Release|Any CPU
		Release|x64 = Release|x64
		Release|x86 = Release|x86
	EndGlobalSection
	GlobalSection(ProjectConfigurationPlatforms) = postSolution
		{C278B768-C911-45E1-A27C-D08D8A9CF58D}.Debug|Any CPU.ActiveCfg = Debug|Any CPU
		{C278B768-C911-45E1-A27C-D08D8A9CF58D}.Debug|Any CPU.Build.0 = Debug|Any CPU
		{C278B768-C911-45E1-A27C-D08D8A9CF58D}.Debug|x64.ActiveCfg = Debug|Any CPU
		{C278B768-C911-45E1-A27C-D08D8A9CF58D}.Debug|x64.Build.0 = Debug|Any CPU
		{C278B768-C911-45E1-A27C-D08D8A9CF58D}.Debug|x86.ActiveCfg = Debug|Any CPU
		{C278B768-C911-45E1-A27C-D08D8A9CF58D}.Debug|x86.Build.0 = Debug|Any CPU
		{C278B768-C911-45E1-A27C-D08D8A9CF58D}.Release|Any CPU.ActiveCfg = Release|Any CPU
		{C278B768-C911-45E1-A27C-D08D8A9CF58D}.Release|Any CPU.Build.0 = Release|Any CPU
		{C278B768-C911-45E1-A27C-D08D8A9CF58D}.Release|x64.ActiveCfg = Release|Any CPU
		{C278B768-C911-45E1-A27C-D08D8A9CF58D}.Release|x64.Build.0 = Release|Any CPU
		{C278B768-C911-45E1-A27C-D08D8A9CF58D}.Release|x86.ActiveCfg = Release|Any CPU
		{C278B768-C911-45E1-A27C-D08D8A9CF58D}.Release|x86.Build.0 = Release|Any CPU
		{1E873B3F-7EE3-F54A-1F75-7B8AC4E4D6B4}.Debug|Any CPU.ActiveCfg = Debug|Any CPU
		{1E873B3F-7EE3-F54A-1F75-7B8AC4E4D6B4}.Debug|Any CPU.Build.0 = Debug|Any CPU
		{1E873B3F-7EE3-F54A-1F75-7B8AC4E4D6B4}.Debug|x64.ActiveCfg = Debug|Any CPU
		{1E873B3F-7EE3-F54A-1F75-7B8AC4E4D6B4}.Debug|x64.Build.0 = Debug|Any CPU
		{1E873B3F-7EE3-F54A-1F75-7B8AC4E4D6B4}.Debug|x86.ActiveCfg = Debug|Any CPU
		{1E873B3F-7EE3-F54A-1F75-7B8AC4E4D6B4}.Debug|x86.Build.0 = Debug|Any CPU
		{1E873B3F-7EE3-F54A-1F75-7B8AC4E4D6B4}.Release|Any CPU.ActiveCfg = Release|Any CPU
		{1E873B3F-7EE3-F54A-1F75-7B8AC4E4D6B4}.Release|Any CPU.Build.0 = Release|Any CPU
		{1E873B3F-7EE3-F54A-1F75-7B8AC4E4D6B4}.Release|x64.ActiveCfg = Release|Any CPU
		{1E873B3F-7EE3-F54A-1F75-7B8AC4E4D6B4}.Release|x64.Build.0 = Release|Any CPU
		{1E873B3F-7EE3-F54A-1F75-7B8AC4E4D6B4}.Release|x86.ActiveCfg = Release|Any CPU
		{1E873B3F-7EE3-F54A-1F75-7B8AC4E4D6B4}.Release|x86.Build.0 = Release|Any CPU
		{AAFE50BD-C008-6CFF-A37D-14BCB24C093A}.Debug|Any CPU.ActiveCfg = Debug|Any CPU
		{AAFE50BD-C008-6CFF-A37D-14BCB24C093A}.Debug|Any CPU.Build.0 = Debug|Any CPU
		{AAFE50BD-C008-6CFF-A37D-14BCB24C093A}.Debug|x64.ActiveCfg = Debug|Any CPU
		{AAFE50BD-C008-6CFF-A37D-14BCB24C093A}.Debug|x64.Build.0 = Debug|Any CPU
		{AAFE50BD-C008-6CFF-A37D-14BCB24C093A}.Debug|x86.ActiveCfg = Debug|Any CPU
		{AAFE50BD-C008-6CFF-A37D-14BCB24C093A}.Debug|x86.Build.0 = Debug|Any CPU
		{AAFE50BD-C008-6CFF-A37D-14BCB24C093A}.Release|Any CPU.ActiveCfg = Release|Any CPU
		{AAFE50BD-C008-6CFF-A37D-14BCB24C093A}.Release|Any CPU.Build.0 = Release|Any CPU
		{AAFE50BD-C008-6CFF-A37D-14BCB24C093A}.Release|x64.ActiveCfg = Release|Any CPU
		{AAFE50BD-C008-6CFF-A37D-14BCB24C093A}.Release|x64.Build.0 = Release|Any CPU
		{AAFE50BD-C008-6CFF-A37D-14BCB24C093A}.Release|x86.ActiveCfg = Release|Any CPU
		{AAFE50BD-C008-6CFF-A37D-14BCB24C093A}.Release|x86.Build.0 = Release|Any CPU
		{A45AB4DE-FE22-58C5-7F5C-D4C5B5B5EF5E}.Debug|Any CPU.ActiveCfg = Debug|Any CPU
		{A45AB4DE-FE22-58C5-7F5C-D4C5B5B5EF5E}.Debug|Any CPU.Build.0 = Debug|Any CPU
		{A45AB4DE-FE22-58C5-7F5C-D4C5B5B5EF5E}.Debug|x64.ActiveCfg = Debug|Any CPU
		{A45AB4DE-FE22-58C5-7F5C-D4C5B5B5EF5E}.Debug|x64.Build.0 = Debug|Any CPU
		{A45AB4DE-FE22-58C5-7F5C-D4C5B5B5EF5E}.Debug|x86.ActiveCfg = Debug|Any CPU
		{A45AB4DE-FE22-58C5-7F5C-D4C5B5B5EF5E}.Debug|x86.Build.0 = Debug|Any CPU
		{A45AB4DE-FE22-58C5-7F5C-D4C5B5B5EF5E}.Release|Any CPU.ActiveCfg = Release|Any CPU
		{A45AB4DE-FE22-58C5-7F5C-D4C5B5B5EF5E}.Release|Any CPU.Build.0 = Release|Any CPU
		{A45AB4DE-FE22-58C5-7F5C-D4C5B5B5EF5E}.Release|x64.ActiveCfg = Release|Any CPU
		{A45AB4DE-FE22-58C5-7F5C-D4C5B5B5EF5E}.Release|x64.Build.0 = Release|Any CPU
		{A45AB4DE-FE22-58C5-7F5C-D4C5B5B5EF5E}.Release|x86.ActiveCfg = Release|Any CPU
		{A45AB4DE-FE22-58C5-7F5C-D4C5B5B5EF5E}.Release|x86.Build.0 = Release|Any CPU
		{37024E7F-C708-F336-8200-C70F7ACBAFDE}.Debug|Any CPU.ActiveCfg = Debug|Any CPU
		{37024E7F-C708-F336-8200-C70F7ACBAFDE}.Debug|Any CPU.Build.0 = Debug|Any CPU
		{37024E7F-C708-F336-8200-C70F7ACBAFDE}.Debug|x64.ActiveCfg = Debug|Any CPU
		{37024E7F-C708-F336-8200-C70F7ACBAFDE}.Debug|x64.Build.0 = Debug|Any CPU
		{37024E7F-C708-F336-8200-C70F7ACBAFDE}.Debug|x86.ActiveCfg = Debug|Any CPU
		{37024E7F-C708-F336-8200-C70F7ACBAFDE}.Debug|x86.Build.0 = Debug|Any CPU
		{37024E7F-C708-F336-8200-C70F7ACBAFDE}.Release|Any CPU.ActiveCfg = Release|Any CPU
		{37024E7F-C708-F336-8200-C70F7ACBAFDE}.Release|Any CPU.Build.0 = Release|Any CPU
		{37024E7F-C708-F336-8200-C70F7ACBAFDE}.Release|x64.ActiveCfg = Release|Any CPU
		{37024E7F-C708-F336-8200-C70F7ACBAFDE}.Release|x64.Build.0 = Release|Any CPU
		{37024E7F-C708-F336-8200-C70F7ACBAFDE}.Release|x86.ActiveCfg = Release|Any CPU
		{37024E7F-C708-F336-8200-C70F7ACBAFDE}.Release|x86.Build.0 = Release|Any CPU
		{26444524-7C0B-4F37-8EDE-C7C0A77B1C05}.Debug|Any CPU.ActiveCfg = Debug|Any CPU
		{26444524-7C0B-4F37-8EDE-C7C0A77B1C05}.Debug|Any CPU.Build.0 = Debug|Any CPU
		{26444524-7C0B-4F37-8EDE-C7C0A77B1C05}.Debug|x64.ActiveCfg = Debug|Any CPU
		{26444524-7C0B-4F37-8EDE-C7C0A77B1C05}.Debug|x64.Build.0 = Debug|Any CPU
		{26444524-7C0B-4F37-8EDE-C7C0A77B1C05}.Debug|x86.ActiveCfg = Debug|Any CPU
		{26444524-7C0B-4F37-8EDE-C7C0A77B1C05}.Debug|x86.Build.0 = Debug|Any CPU
		{26444524-7C0B-4F37-8EDE-C7C0A77B1C05}.Release|Any CPU.ActiveCfg = Release|Any CPU
		{26444524-7C0B-4F37-8EDE-C7C0A77B1C05}.Release|Any CPU.Build.0 = Release|Any CPU
		{26444524-7C0B-4F37-8EDE-C7C0A77B1C05}.Release|x64.ActiveCfg = Release|Any CPU
		{26444524-7C0B-4F37-8EDE-C7C0A77B1C05}.Release|x64.Build.0 = Release|Any CPU
		{26444524-7C0B-4F37-8EDE-C7C0A77B1C05}.Release|x86.ActiveCfg = Release|Any CPU
		{26444524-7C0B-4F37-8EDE-C7C0A77B1C05}.Release|x86.Build.0 = Release|Any CPU
	EndGlobalSection
	GlobalSection(SolutionProperties) = preSolution
		HideSolutionNode = FALSE
	EndGlobalSection
	GlobalSection(ExtensibilityGlobals) = postSolution
		SolutionGuid = {6DF19C0D-4A14-4BF8-AD40-7179B47B82B0}
	EndGlobalSection
EndGlobal
